
Microsoft Visual Studio Solution File, Format Version 12.00
# Visual Studio Version 17
VisualStudioVersion = 17.14.36221.1
MinimumVisualStudioVersion = 10.0.40219.1
Project("{FAE04EC0-301F-11D3-BF4B-00C04F79EFBC}") = "CommunityHub.API", "CommunityHub.API\CommunityHub.API.csproj", "{4B4BD5E5-15AA-4F02-96E7-C4C322F677FA}"
EndProject
Project("{FAE04EC0-301F-11D3-BF4B-00C04F79EFBC}") = "CommunityHub.Domain", "CommunityHub.Domain\CommunityHub.Domain.csproj", "{1F180827-535F-41C0-89FE-D9EFF9E4C1B4}"
EndProject
Project("{FAE04EC0-301F-11D3-BF4B-00C04F79EFBC}") = "CommunityHub.Infrastructure", "CommunityHub.Infrastructure\CommunityHub.Infrastructure.csproj", "{6E163A45-1BBF-4194-9C5E-A73AA450290D}"
EndProject
Project("{FAE04EC0-301F-11D3-BF4B-00C04F79EFBC}") = "CommunityHub.Application", "CommunityHub.Application\CommunityHub.Application.csproj", "{AA0666A5-602F-4B87-B4D7-5A1801117C76}"
EndProject
Project("{FAE04EC0-301F-11D3-BF4B-00C04F79EFBC}") = "CommunityHub.Tests", "CommunityHub.Tests\CommunityHub.Tests.csproj", "{B400A7C9-57E4-4477-9B4B-AA602836A980}"
	ProjectSection(ProjectDependencies) = postProject
		{AA0666A5-602F-4B87-B4D7-5A1801117C76} = {AA0666A5-602F-4B87-B4D7-5A1801117C76}
	EndProjectSection
EndProject
Project("{2150E333-8FDC-42A3-9474-1A3956D46DE8}") = "API", "API", "{36D591C7-65C7-A0D1-1CBC-10CDE441BDC8}"
EndProject
Project("{2150E333-8FDC-42A3-9474-1A3956D46DE8}") = "Gateway", "Gateway", "{0BCA05A8-F025-43DA-AA12-EE6EEC4AA2D7}"
EndProject
Project("{FAE04EC0-301F-11D3-BF4B-00C04F79EFBC}") = "Gatewat.API", "Gatewat.API\Gatewat.API.csproj", "{4B7B0DF2-169E-4C3A-A035-744ACCC2A79C}"
EndProject
Project("{FAE04EC0-301F-11D3-BF4B-00C04F79EFBC}") = "CommunityHub.Contracts", "CommunityHub.Contracts\CommunityHub.Contracts.csproj", "{0F714750-A80D-4E22-BDF6-2BAC7EA9360E}"
EndProject
Global
	GlobalSection(SolutionConfigurationPlatforms) = preSolution
		Debug|Any CPU = Debug|Any CPU
		Release|Any CPU = Release|Any CPU
	EndGlobalSection
	GlobalSection(ProjectConfigurationPlatforms) = postSolution
		{4B4BD5E5-15AA-4F02-96E7-C4C322F677FA}.Debug|Any CPU.ActiveCfg = Debug|Any CPU
		{4B4BD5E5-15AA-4F02-96E7-C4C322F677FA}.Debug|Any CPU.Build.0 = Debug|Any CPU
		{4B4BD5E5-15AA-4F02-96E7-C4C322F677FA}.Release|Any CPU.ActiveCfg = Release|Any CPU
		{4B4BD5E5-15AA-4F02-96E7-C4C322F677FA}.Release|Any CPU.Build.0 = Release|Any CPU
		{1F180827-535F-41C0-89FE-D9EFF9E4C1B4}.Debug|Any CPU.ActiveCfg = Debug|Any CPU
		{1F180827-535F-41C0-89FE-D9EFF9E4C1B4}.Debug|Any CPU.Build.0 = Debug|Any CPU
		{1F180827-535F-41C0-89FE-D9EFF9E4C1B4}.Release|Any CPU.ActiveCfg = Release|Any CPU
		{1F180827-535F-41C0-89FE-D9EFF9E4C1B4}.Release|Any CPU.Build.0 = Release|Any CPU
		{6E163A45-1BBF-4194-9C5E-A73AA450290D}.Debug|Any CPU.ActiveCfg = Debug|Any CPU
		{6E163A45-1BBF-4194-9C5E-A73AA450290D}.Debug|Any CPU.Build.0 = Debug|Any CPU
		{6E163A45-1BBF-4194-9C5E-A73AA450290D}.Release|Any CPU.ActiveCfg = Release|Any CPU
		{6E163A45-1BBF-4194-9C5E-A73AA450290D}.Release|Any CPU.Build.0 = Release|Any CPU
		{AA0666A5-602F-4B87-B4D7-5A1801117C76}.Debug|Any CPU.ActiveCfg = Debug|Any CPU
		{AA0666A5-602F-4B87-B4D7-5A1801117C76}.Debug|Any CPU.Build.0 = Debug|Any CPU
		{AA0666A5-602F-4B87-B4D7-5A1801117C76}.Release|Any CPU.ActiveCfg = Release|Any CPU
		{AA0666A5-602F-4B87-B4D7-5A1801117C76}.Release|Any CPU.Build.0 = Release|Any CPU
		{B400A7C9-57E4-4477-9B4B-AA602836A980}.Debug|Any CPU.ActiveCfg = Debug|Any CPU
		{B400A7C9-57E4-4477-9B4B-AA602836A980}.Debug|Any CPU.Build.0 = Debug|Any CPU
		{B400A7C9-57E4-4477-9B4B-AA602836A980}.Release|Any CPU.ActiveCfg = Release|Any CPU
		{B400A7C9-57E4-4477-9B4B-AA602836A980}.Release|Any CPU.Build.0 = Release|Any CPU
		{4B7B0DF2-169E-4C3A-A035-744ACCC2A79C}.Debug|Any CPU.ActiveCfg = Debug|Any CPU
		{4B7B0DF2-169E-4C3A-A035-744ACCC2A79C}.Debug|Any CPU.Build.0 = Debug|Any CPU
		{4B7B0DF2-169E-4C3A-A035-744ACCC2A79C}.Release|Any CPU.ActiveCfg = Release|Any CPU
		{4B7B0DF2-169E-4C3A-A035-744ACCC2A79C}.Release|Any CPU.Build.0 = Release|Any CPU
		{0F714750-A80D-4E22-BDF6-2BAC7EA9360E}.Debug|Any CPU.ActiveCfg = Debug|Any CPU
		{0F714750-A80D-4E22-BDF6-2BAC7EA9360E}.Debug|Any CPU.Build.0 = Debug|Any CPU
		{0F714750-A80D-4E22-BDF6-2BAC7EA9360E}.Release|Any CPU.ActiveCfg = Release|Any CPU
		{0F714750-A80D-4E22-BDF6-2BAC7EA9360E}.Release|Any CPU.Build.0 = Release|Any CPU
	EndGlobalSection
	GlobalSection(SolutionProperties) = preSolution
		HideSolutionNode = FALSE
	EndGlobalSection
	GlobalSection(NestedProjects) = preSolution
		{4B4BD5E5-15AA-4F02-96E7-C4C322F677FA} = {36D591C7-65C7-A0D1-1CBC-10CDE441BDC8}
		{1F180827-535F-41C0-89FE-D9EFF9E4C1B4} = {36D591C7-65C7-A0D1-1CBC-10CDE441BDC8}
		{6E163A45-1BBF-4194-9C5E-A73AA450290D} = {36D591C7-65C7-A0D1-1CBC-10CDE441BDC8}
		{AA0666A5-602F-4B87-B4D7-5A1801117C76} = {36D591C7-65C7-A0D1-1CBC-10CDE441BDC8}
		{B400A7C9-57E4-4477-9B4B-AA602836A980} = {36D591C7-65C7-A0D1-1CBC-10CDE441BDC8}
		{4B7B0DF2-169E-4C3A-A035-744ACCC2A79C} = {0BCA05A8-F025-43DA-AA12-EE6EEC4AA2D7}
		{0F714750-A80D-4E22-BDF6-2BAC7EA9360E} = {36D591C7-65C7-A0D1-1CBC-10CDE441BDC8}
	EndGlobalSection
	GlobalSection(ExtensibilityGlobals) = postSolution
		SolutionGuid = {C230963C-38CA-4319-841A-92698A1A5FFD}
	EndGlobalSection
EndGlobal
