
Microsoft Visual Studio Solution File, Format Version 12.00
# Visual Studio Version 17
VisualStudioVersion = 17.14.36221.1
MinimumVisualStudioVersion = 10.0.40219.1
Project("{FAE04EC0-301F-11D3-BF4B-00C04F79EFBC}") = "CommunityHub.API", "CommunityHub.API\CommunityHub.API.csproj", "{4B4BD5E5-15AA-4F02-96E7-C4C322F677FA}"
EndProject
Project("{FAE04EC0-301F-11D3-BF4B-00C04F79EFBC}") = "CommunityHub.Domain", "CommunityHub.Domain\CommunityHub.Domain.csproj", "{1F180827-535F-41C0-89FE-D9EFF9E4C1B4}"
EndProject
Project("{FAE04EC0-301F-11D3-BF4B-00C04F79EFBC}") = "CommunityHub.Infrastructure", "CommunityHub.Infrastructure\CommunityHub.Infrastructure.csproj", "{6E163A45-1BBF-4194-9C5E-A73AA450290D}"
EndProject
Project("{FAE04EC0-301F-11D3-BF4B-00C04F79EFBC}") = "CommunityHub.Application", "CommunityHub.Application\CommunityHub.Application.csproj", "{AA0666A5-602F-4B87-B4D7-5A1801117C76}"
EndProject
Project("{FAE04EC0-301F-11D3-BF4B-00C04F79EFBC}") = "CommunityHub.Tests", "CommunityHub.Tests\CommunityHub.Tests.csproj", "{B400A7C9-57E4-4477-9B4B-AA602836A980}"
	ProjectSection(ProjectDependencies) = postProject
		{AA0666A5-602F-4B87-B4D7-5A1801117C76} = {AA0666A5-602F-4B87-B4D7-5A1801117C76}
	EndProjectSection
EndProject
Project("{2150E333-8FDC-42A3-9474-1A3956D46DE8}") = "CommunityService", "CommunityService", "{36D591C7-65C7-A0D1-1CBC-10CDE441BDC8}"
EndProject
Project("{FAE04EC0-301F-11D3-BF4B-00C04F79EFBC}") = "Gateway.API", "Gateway.API\Gateway.API.csproj", "{4B7B0DF2-169E-4C3A-A035-744ACCC2A79C}"
EndProject
Project("{FAE04EC0-301F-11D3-BF4B-00C04F79EFBC}") = "CommunityHub.Contracts", "CommunityHub.Contracts\CommunityHub.Contracts.csproj", "{0F714750-A80D-4E22-BDF6-2BAC7EA9360E}"
EndProject
Project("{2150E333-8FDC-42A3-9474-1A3956D46DE8}") = "Gateway", "Gateway", "{618AB8C2-1A1C-46D7-AD6A-FB973024F2BC}"
EndProject
Project("{2150E333-8FDC-42A3-9474-1A3956D46DE8}") = "UserService", "UserService", "{AB906DF7-85C2-4D90-BD51-BDA5A4B21ADD}"
EndProject
Project("{FAE04EC0-301F-11D3-BF4B-00C04F79EFBC}") = "UserService.API", "UserService.API\UserService.API.csproj", "{710A1FBA-3B00-46F9-83D3-FF71702A02D5}"
EndProject
Project("{FAE04EC0-301F-11D3-BF4B-00C04F79EFBC}") = "UserService.Application", "UserService.Application\UserService.Application.csproj", "{48B4CB2E-524F-4138-9551-070F4E284EAA}"
EndProject
Project("{FAE04EC0-301F-11D3-BF4B-00C04F79EFBC}") = "UserService.Contracts", "UserService.Contracts\UserService.Contracts.csproj", "{8593DA23-45DA-41DA-BA90-7E7C0CCFA35F}"
EndProject
Project("{FAE04EC0-301F-11D3-BF4B-00C04F79EFBC}") = "UserService.Domain", "UserService.Domain\UserService.Domain.csproj", "{701D8B1C-FBA7-4DE2-8C90-821362BAE203}"
EndProject
Project("{FAE04EC0-301F-11D3-BF4B-00C04F79EFBC}") = "UserService.Infrastructure", "UserService.Infrastructure\UserService.Infrastructure.csproj", "{DBF2AE6E-7679-411D-AE20-8FB5DE389606}"
EndProject
Project("{FAE04EC0-301F-11D3-BF4B-00C04F79EFBC}") = "UserService.GRpc", "UserService.GRpc\UserService.GRpc.csproj", "{617614ED-605F-4621-9DAF-D38404BB9CA2}"
EndProject
Project("{2150E333-8FDC-42A3-9474-1A3956D46DE8}") = "Aspire", "Aspire", "{DA865EC3-D04C-4012-8FC8-045E785D183F}"
EndProject
Project("{FAE04EC0-301F-11D3-BF4B-00C04F79EFBC}") = "CommunityHub.AppHost", "AppHost\AppHost.AppHost\CommunityHub.AppHost.csproj", "{73B268FC-65F3-4737-AEAF-00872D702E39}"
EndProject
Project("{FAE04EC0-301F-11D3-BF4B-00C04F79EFBC}") = "AppHost.ServiceDefaults", "AppHost\AppHost.ServiceDefaults\AppHost.ServiceDefaults.csproj", "{A44B59D8-96FB-619A-CC79-5D8F9B3D108A}"
EndProject
Project("{2150E333-8FDC-42A3-9474-1A3956D46DE8}") = "HistoryService", "HistoryService", "{DC8C2E21-0EFE-41A8-BAD7-67E6E271D318}"
EndProject
Project("{FAE04EC0-301F-11D3-BF4B-00C04F79EFBC}") = "HistoryService.Domain", "HistoryService.Domain\HistoryService.Domain.csproj", "{2952F79F-5045-4F30-AB91-ABD7E4E711F2}"
EndProject
Project("{FAE04EC0-301F-11D3-BF4B-00C04F79EFBC}") = "HistoryService.Infrastructure", "HistoryService.Infrastructure\HistoryService.Infrastructure.csproj", "{F1AEAFF1-9C2C-4523-8337-88A04A7468F9}"
EndProject
Project("{FAE04EC0-301F-11D3-BF4B-00C04F79EFBC}") = "HistoryService.Worker", "HistoryService.Worker\HistoryService.Worker.csproj", "{B222840B-C111-9404-9CAF-BA202A4E163D}"
EndProject
Project("{FAE04EC0-301F-11D3-BF4B-00C04F79EFBC}") = "HistoryService.Contracts", "HistoryService.Contracts\HistoryService.Contracts.csproj", "{A0904C50-C8A3-422B-BE30-48BECBC70EA1}"
EndProject
Project("{FAE04EC0-301F-11D3-BF4B-00C04F79EFBC}") = "UserService.Tests", "UserService.Tests\UserService.Tests.csproj", "{A270B140-850D-4F4C-8F43-87BC119EBD8A}"
EndProject
Project("{FAE04EC0-301F-11D3-BF4B-00C04F79EFBC}") = "HistoryService.Application", "HistoryService.Application\HistoryService.Application.csproj", "{402061BF-1C8B-4659-A0B7-DBDF8034021D}"
EndProject
Global
	GlobalSection(SolutionConfigurationPlatforms) = preSolution
		Debug|Any CPU = Debug|Any CPU
		Release|Any CPU = Release|Any CPU
	EndGlobalSection
	GlobalSection(ProjectConfigurationPlatforms) = postSolution
		{4B4BD5E5-15AA-4F02-96E7-C4C322F677FA}.Debug|Any CPU.ActiveCfg = Debug|Any CPU
		{4B4BD5E5-15AA-4F02-96E7-C4C322F677FA}.Debug|Any CPU.Build.0 = Debug|Any CPU
		{4B4BD5E5-15AA-4F02-96E7-C4C322F677FA}.Release|Any CPU.ActiveCfg = Release|Any CPU
		{4B4BD5E5-15AA-4F02-96E7-C4C322F677FA}.Release|Any CPU.Build.0 = Release|Any CPU
		{1F180827-535F-41C0-89FE-D9EFF9E4C1B4}.Debug|Any CPU.ActiveCfg = Debug|Any CPU
		{1F180827-535F-41C0-89FE-D9EFF9E4C1B4}.Debug|Any CPU.Build.0 = Debug|Any CPU
		{1F180827-535F-41C0-89FE-D9EFF9E4C1B4}.Release|Any CPU.ActiveCfg = Release|Any CPU
		{1F180827-535F-41C0-89FE-D9EFF9E4C1B4}.Release|Any CPU.Build.0 = Release|Any CPU
		{6E163A45-1BBF-4194-9C5E-A73AA450290D}.Debug|Any CPU.ActiveCfg = Debug|Any CPU
		{6E163A45-1BBF-4194-9C5E-A73AA450290D}.Debug|Any CPU.Build.0 = Debug|Any CPU
		{6E163A45-1BBF-4194-9C5E-A73AA450290D}.Release|Any CPU.ActiveCfg = Release|Any CPU
		{6E163A45-1BBF-4194-9C5E-A73AA450290D}.Release|Any CPU.Build.0 = Release|Any CPU
		{AA0666A5-602F-4B87-B4D7-5A1801117C76}.Debug|Any CPU.ActiveCfg = Debug|Any CPU
		{AA0666A5-602F-4B87-B4D7-5A1801117C76}.Debug|Any CPU.Build.0 = Debug|Any CPU
		{AA0666A5-602F-4B87-B4D7-5A1801117C76}.Release|Any CPU.ActiveCfg = Release|Any CPU
		{AA0666A5-602F-4B87-B4D7-5A1801117C76}.Release|Any CPU.Build.0 = Release|Any CPU
		{B400A7C9-57E4-4477-9B4B-AA602836A980}.Debug|Any CPU.ActiveCfg = Debug|Any CPU
		{B400A7C9-57E4-4477-9B4B-AA602836A980}.Debug|Any CPU.Build.0 = Debug|Any CPU
		{B400A7C9-57E4-4477-9B4B-AA602836A980}.Release|Any CPU.ActiveCfg = Release|Any CPU
		{B400A7C9-57E4-4477-9B4B-AA602836A980}.Release|Any CPU.Build.0 = Release|Any CPU
		{4B7B0DF2-169E-4C3A-A035-744ACCC2A79C}.Debug|Any CPU.ActiveCfg = Debug|Any CPU
		{4B7B0DF2-169E-4C3A-A035-744ACCC2A79C}.Debug|Any CPU.Build.0 = Debug|Any CPU
		{4B7B0DF2-169E-4C3A-A035-744ACCC2A79C}.Release|Any CPU.ActiveCfg = Release|Any CPU
		{4B7B0DF2-169E-4C3A-A035-744ACCC2A79C}.Release|Any CPU.Build.0 = Release|Any CPU
		{0F714750-A80D-4E22-BDF6-2BAC7EA9360E}.Debug|Any CPU.ActiveCfg = Debug|Any CPU
		{0F714750-A80D-4E22-BDF6-2BAC7EA9360E}.Debug|Any CPU.Build.0 = Debug|Any CPU
		{0F714750-A80D-4E22-BDF6-2BAC7EA9360E}.Release|Any CPU.ActiveCfg = Release|Any CPU
		{0F714750-A80D-4E22-BDF6-2BAC7EA9360E}.Release|Any CPU.Build.0 = Release|Any CPU
		{710A1FBA-3B00-46F9-83D3-FF71702A02D5}.Debug|Any CPU.ActiveCfg = Debug|Any CPU
		{710A1FBA-3B00-46F9-83D3-FF71702A02D5}.Debug|Any CPU.Build.0 = Debug|Any CPU
		{710A1FBA-3B00-46F9-83D3-FF71702A02D5}.Release|Any CPU.ActiveCfg = Release|Any CPU
		{710A1FBA-3B00-46F9-83D3-FF71702A02D5}.Release|Any CPU.Build.0 = Release|Any CPU
		{48B4CB2E-524F-4138-9551-070F4E284EAA}.Debug|Any CPU.ActiveCfg = Debug|Any CPU
		{48B4CB2E-524F-4138-9551-070F4E284EAA}.Debug|Any CPU.Build.0 = Debug|Any CPU
		{48B4CB2E-524F-4138-9551-070F4E284EAA}.Release|Any CPU.ActiveCfg = Release|Any CPU
		{48B4CB2E-524F-4138-9551-070F4E284EAA}.Release|Any CPU.Build.0 = Release|Any CPU
		{8593DA23-45DA-41DA-BA90-7E7C0CCFA35F}.Debug|Any CPU.ActiveCfg = Debug|Any CPU
		{8593DA23-45DA-41DA-BA90-7E7C0CCFA35F}.Debug|Any CPU.Build.0 = Debug|Any CPU
		{8593DA23-45DA-41DA-BA90-7E7C0CCFA35F}.Release|Any CPU.ActiveCfg = Release|Any CPU
		{8593DA23-45DA-41DA-BA90-7E7C0CCFA35F}.Release|Any CPU.Build.0 = Release|Any CPU
		{701D8B1C-FBA7-4DE2-8C90-821362BAE203}.Debug|Any CPU.ActiveCfg = Debug|Any CPU
		{701D8B1C-FBA7-4DE2-8C90-821362BAE203}.Debug|Any CPU.Build.0 = Debug|Any CPU
		{701D8B1C-FBA7-4DE2-8C90-821362BAE203}.Release|Any CPU.ActiveCfg = Release|Any CPU
		{701D8B1C-FBA7-4DE2-8C90-821362BAE203}.Release|Any CPU.Build.0 = Release|Any CPU
		{DBF2AE6E-7679-411D-AE20-8FB5DE389606}.Debug|Any CPU.ActiveCfg = Debug|Any CPU
		{DBF2AE6E-7679-411D-AE20-8FB5DE389606}.Debug|Any CPU.Build.0 = Debug|Any CPU
		{DBF2AE6E-7679-411D-AE20-8FB5DE389606}.Release|Any CPU.ActiveCfg = Release|Any CPU
		{DBF2AE6E-7679-411D-AE20-8FB5DE389606}.Release|Any CPU.Build.0 = Release|Any CPU
		{617614ED-605F-4621-9DAF-D38404BB9CA2}.Debug|Any CPU.ActiveCfg = Debug|Any CPU
		{617614ED-605F-4621-9DAF-D38404BB9CA2}.Debug|Any CPU.Build.0 = Debug|Any CPU
		{617614ED-605F-4621-9DAF-D38404BB9CA2}.Release|Any CPU.ActiveCfg = Release|Any CPU
		{617614ED-605F-4621-9DAF-D38404BB9CA2}.Release|Any CPU.Build.0 = Release|Any CPU
		{73B268FC-65F3-4737-AEAF-00872D702E39}.Debug|Any CPU.ActiveCfg = Debug|Any CPU
		{73B268FC-65F3-4737-AEAF-00872D702E39}.Debug|Any CPU.Build.0 = Debug|Any CPU
		{73B268FC-65F3-4737-AEAF-00872D702E39}.Release|Any CPU.ActiveCfg = Release|Any CPU
		{73B268FC-65F3-4737-AEAF-00872D702E39}.Release|Any CPU.Build.0 = Release|Any CPU
		{A44B59D8-96FB-619A-CC79-5D8F9B3D108A}.Debug|Any CPU.ActiveCfg = Debug|Any CPU
		{A44B59D8-96FB-619A-CC79-5D8F9B3D108A}.Debug|Any CPU.Build.0 = Debug|Any CPU
		{A44B59D8-96FB-619A-CC79-5D8F9B3D108A}.Release|Any CPU.ActiveCfg = Release|Any CPU
		{A44B59D8-96FB-619A-CC79-5D8F9B3D108A}.Release|Any CPU.Build.0 = Release|Any CPU
		{2952F79F-5045-4F30-AB91-ABD7E4E711F2}.Debug|Any CPU.ActiveCfg = Debug|Any CPU
		{2952F79F-5045-4F30-AB91-ABD7E4E711F2}.Debug|Any CPU.Build.0 = Debug|Any CPU
		{2952F79F-5045-4F30-AB91-ABD7E4E711F2}.Release|Any CPU.ActiveCfg = Release|Any CPU
		{2952F79F-5045-4F30-AB91-ABD7E4E711F2}.Release|Any CPU.Build.0 = Release|Any CPU
		{F1AEAFF1-9C2C-4523-8337-88A04A7468F9}.Debug|Any CPU.ActiveCfg = Debug|Any CPU
		{F1AEAFF1-9C2C-4523-8337-88A04A7468F9}.Debug|Any CPU.Build.0 = Debug|Any CPU
		{F1AEAFF1-9C2C-4523-8337-88A04A7468F9}.Release|Any CPU.ActiveCfg = Release|Any CPU
		{F1AEAFF1-9C2C-4523-8337-88A04A7468F9}.Release|Any CPU.Build.0 = Release|Any CPU
		{B222840B-C111-9404-9CAF-BA202A4E163D}.Debug|Any CPU.ActiveCfg = Debug|Any CPU
		{B222840B-C111-9404-9CAF-BA202A4E163D}.Debug|Any CPU.Build.0 = Debug|Any CPU
		{B222840B-C111-9404-9CAF-BA202A4E163D}.Release|Any CPU.ActiveCfg = Release|Any CPU
		{B222840B-C111-9404-9CAF-BA202A4E163D}.Release|Any CPU.Build.0 = Release|Any CPU
		{A0904C50-C8A3-422B-BE30-48BECBC70EA1}.Debug|Any CPU.ActiveCfg = Debug|Any CPU
		{A0904C50-C8A3-422B-BE30-48BECBC70EA1}.Debug|Any CPU.Build.0 = Debug|Any CPU
		{A0904C50-C8A3-422B-BE30-48BECBC70EA1}.Release|Any CPU.ActiveCfg = Release|Any CPU
		{A0904C50-C8A3-422B-BE30-48BECBC70EA1}.Release|Any CPU.Build.0 = Release|Any CPU
		{A270B140-850D-4F4C-8F43-87BC119EBD8A}.Debug|Any CPU.ActiveCfg = Debug|Any CPU
		{A270B140-850D-4F4C-8F43-87BC119EBD8A}.Debug|Any CPU.Build.0 = Debug|Any CPU
		{A270B140-850D-4F4C-8F43-87BC119EBD8A}.Release|Any CPU.ActiveCfg = Release|Any CPU
		{A270B140-850D-4F4C-8F43-87BC119EBD8A}.Release|Any CPU.Build.0 = Release|Any CPU
		{402061BF-1C8B-4659-A0B7-DBDF8034021D}.Debug|Any CPU.ActiveCfg = Debug|Any CPU
		{402061BF-1C8B-4659-A0B7-DBDF8034021D}.Debug|Any CPU.Build.0 = Debug|Any CPU
		{402061BF-1C8B-4659-A0B7-DBDF8034021D}.Release|Any CPU.ActiveCfg = Release|Any CPU
		{402061BF-1C8B-4659-A0B7-DBDF8034021D}.Release|Any CPU.Build.0 = Release|Any CPU
	EndGlobalSection
	GlobalSection(SolutionProperties) = preSolution
		HideSolutionNode = FALSE
	EndGlobalSection
	GlobalSection(NestedProjects) = preSolution
		{4B4BD5E5-15AA-4F02-96E7-C4C322F677FA} = {36D591C7-65C7-A0D1-1CBC-10CDE441BDC8}
		{1F180827-535F-41C0-89FE-D9EFF9E4C1B4} = {36D591C7-65C7-A0D1-1CBC-10CDE441BDC8}
		{6E163A45-1BBF-4194-9C5E-A73AA450290D} = {36D591C7-65C7-A0D1-1CBC-10CDE441BDC8}
		{AA0666A5-602F-4B87-B4D7-5A1801117C76} = {36D591C7-65C7-A0D1-1CBC-10CDE441BDC8}
		{B400A7C9-57E4-4477-9B4B-AA602836A980} = {36D591C7-65C7-A0D1-1CBC-10CDE441BDC8}
		{4B7B0DF2-169E-4C3A-A035-744ACCC2A79C} = {618AB8C2-1A1C-46D7-AD6A-FB973024F2BC}
		{0F714750-A80D-4E22-BDF6-2BAC7EA9360E} = {36D591C7-65C7-A0D1-1CBC-10CDE441BDC8}
		{710A1FBA-3B00-46F9-83D3-FF71702A02D5} = {AB906DF7-85C2-4D90-BD51-BDA5A4B21ADD}
		{48B4CB2E-524F-4138-9551-070F4E284EAA} = {AB906DF7-85C2-4D90-BD51-BDA5A4B21ADD}
		{8593DA23-45DA-41DA-BA90-7E7C0CCFA35F} = {AB906DF7-85C2-4D90-BD51-BDA5A4B21ADD}
		{701D8B1C-FBA7-4DE2-8C90-821362BAE203} = {AB906DF7-85C2-4D90-BD51-BDA5A4B21ADD}
		{DBF2AE6E-7679-411D-AE20-8FB5DE389606} = {AB906DF7-85C2-4D90-BD51-BDA5A4B21ADD}
		{617614ED-605F-4621-9DAF-D38404BB9CA2} = {AB906DF7-85C2-4D90-BD51-BDA5A4B21ADD}
		{73B268FC-65F3-4737-AEAF-00872D702E39} = {DA865EC3-D04C-4012-8FC8-045E785D183F}
		{A44B59D8-96FB-619A-CC79-5D8F9B3D108A} = {DA865EC3-D04C-4012-8FC8-045E785D183F}
		{2952F79F-5045-4F30-AB91-ABD7E4E711F2} = {DC8C2E21-0EFE-41A8-BAD7-67E6E271D318}
		{F1AEAFF1-9C2C-4523-8337-88A04A7468F9} = {DC8C2E21-0EFE-41A8-BAD7-67E6E271D318}
		{B222840B-C111-9404-9CAF-BA202A4E163D} = {DC8C2E21-0EFE-41A8-BAD7-67E6E271D318}
		{A0904C50-C8A3-422B-BE30-48BECBC70EA1} = {DC8C2E21-0EFE-41A8-BAD7-67E6E271D318}
		{A270B140-850D-4F4C-8F43-87BC119EBD8A} = {AB906DF7-85C2-4D90-BD51-BDA5A4B21ADD}
		{402061BF-1C8B-4659-A0B7-DBDF8034021D} = {DC8C2E21-0EFE-41A8-BAD7-67E6E271D318}
	EndGlobalSection
	GlobalSection(ExtensibilityGlobals) = postSolution
		SolutionGuid = {C230963C-38CA-4319-841A-92698A1A5FFD}
	EndGlobalSection
EndGlobal
